// !$*UTF8*$!
{
	archiveVersion = 1;
	classes = {
	};
	objectVersion = 48;
	objects = {

/* Begin PBXBuildFile section */
		580EA51A2007AA680097F244 /* AppDelegate.swift in Sources */ = {isa = PBXBuildFile; fileRef = 580EA5192007AA680097F244 /* AppDelegate.swift */; };
		580EA51C2007AA680097F244 /* ViewController.swift in Sources */ = {isa = PBXBuildFile; fileRef = 580EA51B2007AA680097F244 /* ViewController.swift */; };
		580EA51F2007AA680097F244 /* Main.storyboard in Resources */ = {isa = PBXBuildFile; fileRef = 580EA51D2007AA680097F244 /* Main.storyboard */; };
		580EA5212007AA680097F244 /* Assets.xcassets in Resources */ = {isa = PBXBuildFile; fileRef = 580EA5202007AA680097F244 /* Assets.xcassets */; };
		580EA5242007AA680097F244 /* LaunchScreen.storyboard in Resources */ = {isa = PBXBuildFile; fileRef = 580EA5222007AA680097F244 /* LaunchScreen.storyboard */; };
		580EA52D2007BDF40097F244 /* Game.swift in Sources */ = {isa = PBXBuildFile; fileRef = 580EA52C2007BDF40097F244 /* Game.swift */; };
/* End PBXBuildFile section */

/* Begin PBXFileReference section */
		580EA5162007AA680097F244 /* WordGuessingGame.app */ = {isa = PBXFileReference; explicitFileType = wrapper.application; includeInIndex = 0; path = WordGuessingGame.app; sourceTree = BUILT_PRODUCTS_DIR; };
		580EA5192007AA680097F244 /* AppDelegate.swift */ = {isa = PBXFileReference; lastKnownFileType = sourcecode.swift; path = AppDelegate.swift; sourceTree = "<group>"; };
		580EA51B2007AA680097F244 /* ViewController.swift */ = {isa = PBXFileReference; lastKnownFileType = sourcecode.swift; path = ViewController.swift; sourceTree = "<group>"; };
		580EA51E2007AA680097F244 /* Base */ = {isa = PBXFileReference; lastKnownFileType = file.storyboard; name = Base; path = Base.lproj/Main.storyboard; sourceTree = "<group>"; };
		580EA5202007AA680097F244 /* Assets.xcassets */ = {isa = PBXFileReference; lastKnownFileType = folder.assetcatalog; path = Assets.xcassets; sourceTree = "<group>"; };
		580EA5232007AA680097F244 /* Base */ = {isa = PBXFileReference; lastKnownFileType = file.storyboard; name = Base; path = Base.lproj/LaunchScreen.storyboard; sourceTree = "<group>"; };
		580EA5252007AA680097F244 /* Info.plist */ = {isa = PBXFileReference; lastKnownFileType = text.plist.xml; path = Info.plist; sourceTree = "<group>"; };
		580EA52C2007BDF40097F244 /* Game.swift */ = {isa = PBXFileReference; lastKnownFileType = sourcecode.swift; path = Game.swift; sourceTree = "<group>"; };
/* End PBXFileReference section */

/* Begin PBXFrameworksBuildPhase section */
		580EA5132007AA680097F244 /* Frameworks */ = {
			isa = PBXFrameworksBuildPhase;
			buildActionMask = 2147483647;
			files = (
			);
			runOnlyForDeploymentPostprocessing = 0;
		};
/* End PBXFrameworksBuildPhase section */

/* Begin PBXGroup section */
		580EA50D2007AA680097F244 = {
			isa = PBXGroup;
			children = (
				580EA5182007AA680097F244 /* WordGuessingGame */,
				580EA5172007AA680097F244 /* Products */,
			);
			sourceTree = "<group>";
		};
		580EA5172007AA680097F244 /* Products */ = {
			isa = PBXGroup;
			children = (
				580EA5162007AA680097F244 /* WordGuessingGame.app */,
			);
			name = Products;
			sourceTree = "<group>";
		};
		580EA5182007AA680097F244 /* WordGuessingGame */ = {
			isa = PBXGroup;
			children = (
				580EA52B2007ACD70097F244 /* Support Files */,
				580EA51B2007AA680097F244 /* ViewController.swift */,
				580EA51D2007AA680097F244 /* Main.storyboard */,
				580EA52C2007BDF40097F244 /* Game.swift */,
				580EA5202007AA680097F244 /* Assets.xcassets */,
				580EA5222007AA680097F244 /* LaunchScreen.storyboard */,
				580EA5252007AA680097F244 /* Info.plist */,
			);
			path = WordGuessingGame;
			sourceTree = "<group>";
		};
		580EA52B2007ACD70097F244 /* Support Files */ = {
			isa = PBXGroup;
			children = (
				580EA5192007AA680097F244 /* AppDelegate.swift */,
			);
			path = "Support Files";
			sourceTree = "<group>";
		};
/* End PBXGroup section */

/* Begin PBXNativeTarget section */
		580EA5152007AA680097F244 /* WordGuessingGame */ = {
			isa = PBXNativeTarget;
			buildConfigurationList = 580EA5282007AA680097F244 /* Build configuration list for PBXNativeTarget "WordGuessingGame" */;
			buildPhases = (
				580EA5122007AA680097F244 /* Sources */,
				580EA5132007AA680097F244 /* Frameworks */,
				580EA5142007AA680097F244 /* Resources */,
			);
			buildRules = (
			);
			dependencies = (
			);
			name = WordGuessingGame;
			productName = WordGuessingGame;
			productReference = 580EA5162007AA680097F244 /* WordGuessingGame.app */;
			productType = "com.apple.product-type.application";
		};
/* End PBXNativeTarget section */

/* Begin PBXProject section */
		580EA50E2007AA680097F244 /* Project object */ = {
			isa = PBXProject;
			attributes = {
				LastSwiftUpdateCheck = 0920;
				LastUpgradeCheck = 0920;
				ORGANIZATIONNAME = "Ramdan Korkelia";
				TargetAttributes = {
					580EA5152007AA680097F244 = {
						CreatedOnToolsVersion = 9.2;
						ProvisioningStyle = Automatic;
					};
				};
			};
			buildConfigurationList = 580EA5112007AA680097F244 /* Build configuration list for PBXProject "WordGuessingGame" */;
			compatibilityVersion = "Xcode 8.0";
			developmentRegion = en;
			hasScannedForEncodings = 0;
			knownRegions = (
				en,
				Base,
			);
			mainGroup = 580EA50D2007AA680097F244;
			productRefGroup = 580EA5172007AA680097F244 /* Products */;
			projectDirPath = "";
			projectRoot = "";
			targets = (
				580EA5152007AA680097F244 /* WordGuessingGame */,
			);
		};
/* End PBXProject section */

/* Begin PBXResourcesBuildPhase section */
		580EA5142007AA680097F244 /* Resources */ = {
			isa = PBXResourcesBuildPhase;
			buildActionMask = 2147483647;
			files = (
				580EA5242007AA680097F244 /* LaunchScreen.storyboard in Resources */,
				580EA5212007AA680097F244 /* Assets.xcassets in Resources */,
				580EA51F2007AA680097F244 /* Main.storyboard in Resources */,
			);
			runOnlyForDeploymentPostprocessing = 0;
		};
/* End PBXResourcesBuildPhase section */

/* Begin PBXSourcesBuildPhase section */
		580EA5122007AA680097F244 /* Sources */ = {
			isa = PBXSourcesBuildPhase;
			buildActionMask = 2147483647;
			files = (
				580EA51C2007AA680097F244 /* ViewController.swift in Sources */,
				580EA52D2007BDF40097F244 /* Game.swift in Sources */,
				580EA51A2007AA680097F244 /* AppDelegate.swift in Sources */,
			);
			runOnlyForDeploymentPostprocessing = 0;
		};
/* End PBXSourcesBuildPhase section */

/* Begin PBXVariantGroup section */
		580EA51D2007AA680097F244 /* Main.storyboard */ = {
			isa = PBXVariantGroup;
			children = (
				580EA51E2007AA680097F244 /* Base */,
			);
			name = Main.storyboard;
			sourceTree = "<group>";
		};
		580EA5222007AA680097F244 /* LaunchScreen.storyboard */ = {
			isa = PBXVariantGroup;
			children = (
				580EA5232007AA680097F244 /* Base */,
			);
			name = LaunchScreen.storyboard;
			sourceTree = "<group>";
		};
/* End PBXVariantGroup section */

/* Begin XCBuildConfiguration section */
		580EA5262007AA680097F244 /* Debug */ = {
			isa = XCBuildConfiguration;
			buildSettings = {
				ALWAYS_SEARCH_USER_PATHS = NO;
				CLANG_ANALYZER_NONNULL = YES;
				CLANG_ANALYZER_NUMBER_OBJECT_CONVERSION = YES_AGGRESSIVE;
				CLANG_CXX_LANGUAGE_STANDARD = "gnu++14";
				CLANG_CXX_LIBRARY = "libc++";
				CLANG_ENABLE_MODULES = YES;
				CLANG_ENABLE_OBJC_ARC = YES;
				CLANG_WARN_BLOCK_CAPTURE_AUTORELEASING = YES;
				CLANG_WARN_BOOL_CONVERSION = YES;
				CLANG_WARN_COMMA = YES;
				CLANG_WARN_CONSTANT_CONVERSION = YES;
				CLANG_WARN_DIRECT_OBJC_ISA_USAGE = YES_ERROR;
				CLANG_WARN_DOCUMENTATION_COMMENTS = YES;
				CLANG_WARN_EMPTY_BODY = YES;
				CLANG_WARN_ENUM_CONVERSION = YES;
				CLANG_WARN_INFINITE_RECURSION = YES;
				CLANG_WARN_INT_CONVERSION = YES;
				CLANG_WARN_NON_LITERAL_NULL_CONVERSION = YES;
				CLANG_WARN_OBJC_LITERAL_CONVERSION = YES;
				CLANG_WARN_OBJC_ROOT_CLASS = YES_ERROR;
				CLANG_WARN_RANGE_LOOP_ANALYSIS = YES;
				CLANG_WARN_STRICT_PROTOTYPES = YES;
				CLANG_WARN_SUSPICIOUS_MOVE = YES;
				CLANG_WARN_UNGUARDED_AVAILABILITY = YES_AGGRESSIVE;
				CLANG_WARN_UNREACHABLE_CODE = YES;
				CLANG_WARN__DUPLICATE_METHOD_MATCH = YES;
				CODE_SIGN_IDENTITY = "iPhone Developer";
				COPY_PHASE_STRIP = NO;
				DEBUG_INFORMATION_FORMAT = dwarf;
				ENABLE_STRICT_OBJC_MSGSEND = YES;
				ENABLE_TESTABILITY = YES;
				GCC_C_LANGUAGE_STANDARD = gnu11;
				GCC_DYNAMIC_NO_PIC = NO;
				GCC_NO_COMMON_BLOCKS = YES;
				GCC_OPTIMIZATION_LEVEL = 0;
				GCC_PREPROCESSOR_DEFINITIONS = (
					"DEBUG=1",
					"$(inherited)",
				);
				GCC_WARN_64_TO_32_BIT_CONVERSION = YES;
				GCC_WARN_ABOUT_RETURN_TYPE = YES_ERROR;
				GCC_WARN_UNDECLARED_SELECTOR = YES;
				GCC_WARN_UNINITIALIZED_AUTOS = YES_AGGRESSIVE;
				GCC_WARN_UNUSED_FUNCTION = YES;
				GCC_WARN_UNUSED_VARIABLE = YES;
				IPHONEOS_DEPLOYMENT_TARGET = 11.2;
				MTL_ENABLE_DEBUG_INFO = YES;
				ONLY_ACTIVE_ARCH = YES;
				SDKROOT = iphoneos;
				SWIFT_ACTIVE_COMPILATION_CONDITIONS = DEBUG;
				SWIFT_OPTIMIZATION_LEVEL = "-Onone";
			};
			name = Debug;
		};
		580EA5272007AA680097F244 /* Release */ = {
			isa = XCBuildConfiguration;
			buildSettings = {
				ALWAYS_SEARCH_USER_PATHS = NO;
				CLANG_ANALYZER_NONNULL = YES;
				CLANG_ANALYZER_NUMBER_OBJECT_CONVERSION = YES_AGGRESSIVE;
				CLANG_CXX_LANGUAGE_STANDARD = "gnu++14";
				CLANG_CXX_LIBRARY = "libc++";
				CLANG_ENABLE_MODULES = YES;
				CLANG_ENABLE_OBJC_ARC = YES;
				CLANG_WARN_BLOCK_CAPTURE_AUTORELEASING = YES;
				CLANG_WARN_BOOL_CONVERSION = YES;
				CLANG_WARN_COMMA = YES;
				CLANG_WARN_CONSTANT_CONVERSION = YES;
				CLANG_WARN_DIRECT_OBJC_ISA_USAGE = YES_ERROR;
				CLANG_WARN_DOCUMENTATION_COMMENTS = YES;
				CLANG_WARN_EMPTY_BODY = YES;
				CLANG_WARN_ENUM_CONVERSION = YES;
				CLANG_WARN_INFINITE_RECURSION = YES;
				CLANG_WARN_INT_CONVERSION = YES;
				CLANG_WARN_NON_LITERAL_NULL_CONVERSION = YES;
				CLANG_WARN_OBJC_LITERAL_CONVERSION = YES;
				CLANG_WARN_OBJC_ROOT_CLASS = YES_ERROR;
				CLANG_WARN_RANGE_LOOP_ANALYSIS = YES;
				CLANG_WARN_STRICT_PROTOTYPES = YES;
				CLANG_WARN_SUSPICIOUS_MOVE = YES;
				CLANG_WARN_UNGUARDED_AVAILABILITY = YES_AGGRESSIVE;
				CLANG_WARN_UNREACHABLE_CODE = YES;
				CLANG_WARN__DUPLICATE_METHOD_MATCH = YES;
				CODE_SIGN_IDENTITY = "iPhone Developer";
				COPY_PHASE_STRIP = NO;
				DEBUG_INFORMATION_FORMAT = "dwarf-with-dsym";
				ENABLE_NS_ASSERTIONS = NO;
				ENABLE_STRICT_OBJC_MSGSEND = YES;
				GCC_C_LANGUAGE_STANDARD = gnu11;
				GCC_NO_COMMON_BLOCKS = YES;
				GCC_WARN_64_TO_32_BIT_CONVERSION = YES;
				GCC_WARN_ABOUT_RETURN_TYPE = YES_ERROR;
				GCC_WARN_UNDECLARED_SELECTOR = YES;
				GCC_WARN_UNINITIALIZED_AUTOS = YES_AGGRESSIVE;
				GCC_WARN_UNUSED_FUNCTION = YES;
				GCC_WARN_UNUSED_VARIABLE = YES;
				IPHONEOS_DEPLOYMENT_TARGET = 11.2;
				MTL_ENABLE_DEBUG_INFO = NO;
				SDKROOT = iphoneos;
				SWIFT_OPTIMIZATION_LEVEL = "-Owholemodule";
				VALIDATE_PRODUCT = YES;
			};
			name = Release;
		};
		580EA5292007AA680097F244 /* Debug */ = {
			isa = XCBuildConfiguration;
			buildSettings = {
				ASSETCATALOG_COMPILER_APPICON_NAME = AppIcon;
				CODE_SIGN_STYLE = Automatic;
				DEVELOPMENT_TEAM = Z8XR48Z685;
				INFOPLIST_FILE = WordGuessingGame/Info.plist;
				LD_RUNPATH_SEARCH_PATHS = "$(inherited) @executable_path/Frameworks";
				PRODUCT_BUNDLE_IDENTIFIER = com.ramdankorkelia.WordGuessingGame;
				PRODUCT_NAME = "$(TARGET_NAME)";
				SWIFT_VERSION = 4.0;
				TARGETED_DEVICE_FAMILY = 2;
			};
			name = Debug;
		};
		580EA52A2007AA680097F244 /* Release */ = {
			isa = XCBuildConfiguration;
			buildSettings = {
				ASSETCATALOG_COMPILER_APPICON_NAME = AppIcon;
				CODE_SIGN_STYLE = Automatic;
				DEVELOPMENT_TEAM = Z8XR48Z685;
				INFOPLIST_FILE = WordGuessingGame/Info.plist;
				LD_RUNPATH_SEARCH_PATHS = "$(inherited) @executable_path/Frameworks";
				PRODUCT_BUNDLE_IDENTIFIER = com.ramdankorkelia.WordGuessingGame;
				PRODUCT_NAME = "$(TARGET_NAME)";
				SWIFT_VERSION = 4.0;
				TARGETED_DEVICE_FAMILY = 2;
			};
			name = Release;
		};
/* End XCBuildConfiguration section */

/* Begin XCConfigurationList section */
		580EA5112007AA680097F244 /* Build configuration list for PBXProject "WordGuessingGame" */ = {
			isa = XCConfigurationList;
			buildConfigurations = (
				580EA5262007AA680097F244 /* Debug */,
				580EA5272007AA680097F244 /* Release */,
			);
			defaultConfigurationIsVisible = 0;
			defaultConfigurationName = Release;
		};
		580EA5282007AA680097F244 /* Build configuration list for PBXNativeTarget "WordGuessingGame" */ = {
			isa = XCConfigurationList;
			buildConfigurations = (
				580EA5292007AA680097F244 /* Debug */,
				580EA52A2007AA680097F244 /* Release */,
			);
			defaultConfigurationIsVisible = 0;
			defaultConfigurationName = Release;
		};
/* End XCConfigurationList section */
	};
	rootObject = 580EA50E2007AA680097F244 /* Project object */;
}
